// !$*UTF8*$!
{
	archiveVersion = 1;
	classes = {
	};
	objectVersion = 46;
	objects = {

/* Begin PBXBuildFile section */
		2868A8CD1AA17B2E00C12E8C /* AppDelegate.swift in Sources */ = {isa = PBXBuildFile; fileRef = 2868A8CC1AA17B2E00C12E8C /* AppDelegate.swift */; };
		2868A8CF1AA17B2E00C12E8C /* ViewController.swift in Sources */ = {isa = PBXBuildFile; fileRef = 2868A8CE1AA17B2E00C12E8C /* ViewController.swift */; };
		2868A8D21AA17B2E00C12E8C /* Main.storyboard in Resources */ = {isa = PBXBuildFile; fileRef = 2868A8D01AA17B2E00C12E8C /* Main.storyboard */; };
		2868A8D41AA17B2E00C12E8C /* Images.xcassets in Resources */ = {isa = PBXBuildFile; fileRef = 2868A8D31AA17B2E00C12E8C /* Images.xcassets */; };
		2868A8D71AA17B2E00C12E8C /* LaunchScreen.xib in Resources */ = {isa = PBXBuildFile; fileRef = 2868A8D51AA17B2E00C12E8C /* LaunchScreen.xib */; };
		2868A8E31AA17B2E00C12E8C /* facebookVuTests.swift in Sources */ = {isa = PBXBuildFile; fileRef = 2868A8E21AA17B2E00C12E8C /* facebookVuTests.swift */; };
/* End PBXBuildFile section */

/* Begin PBXContainerItemProxy section */
		2868A8DD1AA17B2E00C12E8C /* PBXContainerItemProxy */ = {
			isa = PBXContainerItemProxy;
			containerPortal = 2868A8BF1AA17B2E00C12E8C /* Project object */;
			proxyType = 1;
			remoteGlobalIDString = 2868A8C61AA17B2E00C12E8C;
			remoteInfo = facebookVu;
		};
/* End PBXContainerItemProxy section */

/* Begin PBXFileReference section */
		2868A8C71AA17B2E00C12E8C /* facebookVu.app */ = {isa = PBXFileReference; explicitFileType = wrapper.application; includeInIndex = 0; path = facebookVu.app; sourceTree = BUILT_PRODUCTS_DIR; };
		2868A8CB1AA17B2E00C12E8C /* Info.plist */ = {isa = PBXFileReference; lastKnownFileType = text.plist.xml; path = Info.plist; sourceTree = "<group>"; };
		2868A8CC1AA17B2E00C12E8C /* AppDelegate.swift */ = {isa = PBXFileReference; lastKnownFileType = sourcecode.swift; path = AppDelegate.swift; sourceTree = "<group>"; };
		2868A8CE1AA17B2E00C12E8C /* ViewController.swift */ = {isa = PBXFileReference; lastKnownFileType = sourcecode.swift; path = ViewController.swift; sourceTree = "<group>"; };
		2868A8D11AA17B2E00C12E8C /* Base */ = {isa = PBXFileReference; lastKnownFileType = file.storyboard; name = Base; path = Base.lproj/Main.storyboard; sourceTree = "<group>"; };
		2868A8D31AA17B2E00C12E8C /* Images.xcassets */ = {isa = PBXFileReference; lastKnownFileType = folder.assetcatalog; path = Images.xcassets; sourceTree = "<group>"; };
		2868A8D61AA17B2E00C12E8C /* Base */ = {isa = PBXFileReference; lastKnownFileType = file.xib; name = Base; path = Base.lproj/LaunchScreen.xib; sourceTree = "<group>"; };
		2868A8DC1AA17B2E00C12E8C /* facebookVuTests.xctest */ = {isa = PBXFileReference; explicitFileType = wrapper.cfbundle; includeInIndex = 0; path = facebookVuTests.xctest; sourceTree = BUILT_PRODUCTS_DIR; };
		2868A8E11AA17B2E00C12E8C /* Info.plist */ = {isa = PBXFileReference; lastKnownFileType = text.plist.xml; path = Info.plist; sourceTree = "<group>"; };
		2868A8E21AA17B2E00C12E8C /* facebookVuTests.swift */ = {isa = PBXFileReference; lastKnownFileType = sourcecode.swift; path = facebookVuTests.swift; sourceTree = "<group>"; };
/* End PBXFileReference section */

/* Begin PBXFrameworksBuildPhase section */
		2868A8C41AA17B2E00C12E8C /* Frameworks */ = {
			isa = PBXFrameworksBuildPhase;
			buildActionMask = 2147483647;
			files = (
			);
			runOnlyForDeploymentPostprocessing = 0;
		};
		2868A8D91AA17B2E00C12E8C /* Frameworks */ = {
			isa = PBXFrameworksBuildPhase;
			buildActionMask = 2147483647;
			files = (
			);
			runOnlyForDeploymentPostprocessing = 0;
		};
/* End PBXFrameworksBuildPhase section */

/* Begin PBXGroup section */
		2868A8BE1AA17B2E00C12E8C = {
			isa = PBXGroup;
			children = (
				2868A8C91AA17B2E00C12E8C /* facebookVu */,
				2868A8DF1AA17B2E00C12E8C /* facebookVuTests */,
				2868A8C81AA17B2E00C12E8C /* Products */,
			);
			sourceTree = "<group>";
		};
		2868A8C81AA17B2E00C12E8C /* Products */ = {
			isa = PBXGroup;
			children = (
				2868A8C71AA17B2E00C12E8C /* facebookVu.app */,
				2868A8DC1AA17B2E00C12E8C /* facebookVuTests.xctest */,
			);
			name = Products;
			sourceTree = "<group>";
		};
		2868A8C91AA17B2E00C12E8C /* facebookVu */ = {
			isa = PBXGroup;
			children = (
				2868A8CC1AA17B2E00C12E8C /* AppDelegate.swift */,
				2868A8CE1AA17B2E00C12E8C /* ViewController.swift */,
				2868A8D01AA17B2E00C12E8C /* Main.storyboard */,
				2868A8D31AA17B2E00C12E8C /* Images.xcassets */,
				2868A8D51AA17B2E00C12E8C /* LaunchScreen.xib */,
				2868A8CA1AA17B2E00C12E8C /* Supporting Files */,
			);
			path = facebookVu;
			sourceTree = "<group>";
		};
		2868A8CA1AA17B2E00C12E8C /* Supporting Files */ = {
			isa = PBXGroup;
			children = (
				2868A8CB1AA17B2E00C12E8C /* Info.plist */,
			);
			name = "Supporting Files";
			sourceTree = "<group>";
		};
		2868A8DF1AA17B2E00C12E8C /* facebookVuTests */ = {
			isa = PBXGroup;
			children = (
				2868A8E21AA17B2E00C12E8C /* facebookVuTests.swift */,
				2868A8E01AA17B2E00C12E8C /* Supporting Files */,
			);
			path = facebookVuTests;
			sourceTree = "<group>";
		};
		2868A8E01AA17B2E00C12E8C /* Supporting Files */ = {
			isa = PBXGroup;
			children = (
				2868A8E11AA17B2E00C12E8C /* Info.plist */,
			);
			name = "Supporting Files";
			sourceTree = "<group>";
		};
/* End PBXGroup section */

/* Begin PBXNativeTarget section */
		2868A8C61AA17B2E00C12E8C /* facebookVu */ = {
			isa = PBXNativeTarget;
			buildConfigurationList = 2868A8E61AA17B2E00C12E8C /* Build configuration list for PBXNativeTarget "facebookVu" */;
			buildPhases = (
				2868A8C31AA17B2E00C12E8C /* Sources */,
				2868A8C41AA17B2E00C12E8C /* Frameworks */,
				2868A8C51AA17B2E00C12E8C /* Resources */,
			);
			buildRules = (
			);
			dependencies = (
			);
			name = facebookVu;
			productName = facebookVu;
			productReference = 2868A8C71AA17B2E00C12E8C /* facebookVu.app */;
			productType = "com.apple.product-type.application";
		};
		2868A8DB1AA17B2E00C12E8C /* facebookVuTests */ = {
			isa = PBXNativeTarget;
			buildConfigurationList = 2868A8E91AA17B2E00C12E8C /* Build configuration list for PBXNativeTarget "facebookVuTests" */;
			buildPhases = (
				2868A8D81AA17B2E00C12E8C /* Sources */,
				2868A8D91AA17B2E00C12E8C /* Frameworks */,
				2868A8DA1AA17B2E00C12E8C /* Resources */,
			);
			buildRules = (
			);
			dependencies = (
				2868A8DE1AA17B2E00C12E8C /* PBXTargetDependency */,
			);
			name = facebookVuTests;
			productName = facebookVuTests;
			productReference = 2868A8DC1AA17B2E00C12E8C /* facebookVuTests.xctest */;
			productType = "com.apple.product-type.bundle.unit-test";
		};
/* End PBXNativeTarget section */

/* Begin PBXProject section */
		2868A8BF1AA17B2E00C12E8C /* Project object */ = {
			isa = PBXProject;
			attributes = {
				LastUpgradeCheck = 0610;
				ORGANIZATIONNAME = "Vuhuan Pham";
				TargetAttributes = {
					2868A8C61AA17B2E00C12E8C = {
						CreatedOnToolsVersion = 6.1.1;
					};
					2868A8DB1AA17B2E00C12E8C = {
						CreatedOnToolsVersion = 6.1.1;
						TestTargetID = 2868A8C61AA17B2E00C12E8C;
					};
				};
			};
			buildConfigurationList = 2868A8C21AA17B2E00C12E8C /* Build configuration list for PBXProject "facebookVu" */;
			compatibilityVersion = "Xcode 3.2";
			developmentRegion = English;
			hasScannedForEncodings = 0;
			knownRegions = (
				en,
				Base,
			);
			mainGroup = 2868A8BE1AA17B2E00C12E8C;
			productRefGroup = 2868A8C81AA17B2E00C12E8C /* Products */;
			projectDirPath = "";
			projectRoot = "";
			targets = (
				2868A8C61AA17B2E00C12E8C /* facebookVu */,
				2868A8DB1AA17B2E00C12E8C /* facebookVuTests */,
			);
		};
/* End PBXProject section */

/* Begin PBXResourcesBuildPhase section */
		2868A8C51AA17B2E00C12E8C /* Resources */ = {
			isa = PBXResourcesBuildPhase;
			buildActionMask = 2147483647;
			files = (
				2868A8D21AA17B2E00C12E8C /* Main.storyboard in Resources */,
				2868A8D71AA17B2E00C12E8C /* LaunchScreen.xib in Resources */,
				2868A8D41AA17B2E00C12E8C /* Images.xcassets in Resources */,
			);
			runOnlyForDeploymentPostprocessing = 0;
		};
		2868A8DA1AA17B2E00C12E8C /* Resources */ = {
			isa = PBXResourcesBuildPhase;
			buildActionMask = 2147483647;
			files = (
			);
			runOnlyForDeploymentPostprocessing = 0;
		};
/* End PBXResourcesBuildPhase section */

/* Begin PBXSourcesBuildPhase section */
		2868A8C31AA17B2E00C12E8C /* Sources */ = {
			isa = PBXSourcesBuildPhase;
			buildActionMask = 2147483647;
			files = (
				2868A8CF1AA17B2E00C12E8C /* ViewController.swift in Sources */,
				2868A8CD1AA17B2E00C12E8C /* AppDelegate.swift in Sources */,
			);
			runOnlyForDeploymentPostprocessing = 0;
		};
		2868A8D81AA17B2E00C12E8C /* Sources */ = {
			isa = PBXSourcesBuildPhase;
			buildActionMask = 2147483647;
			files = (
				2868A8E31AA17B2E00C12E8C /* facebookVuTests.swift in Sources */,
			);
			runOnlyForDeploymentPostprocessing = 0;
		};
/* End PBXSourcesBuildPhase section */

/* Begin PBXTargetDependency section */
		2868A8DE1AA17B2E00C12E8C /* PBXTargetDependency */ = {
			isa = PBXTargetDependency;
			target = 2868A8C61AA17B2E00C12E8C /* facebookVu */;
			targetProxy = 2868A8DD1AA17B2E00C12E8C /* PBXContainerItemProxy */;
		};
/* End PBXTargetDependency section */

/* Begin PBXVariantGroup section */
		2868A8D01AA17B2E00C12E8C /* Main.storyboard */ = {
			isa = PBXVariantGroup;
			children = (
				2868A8D11AA17B2E00C12E8C /* Base */,
			);
			name = Main.storyboard;
			sourceTree = "<group>";
		};
		2868A8D51AA17B2E00C12E8C /* LaunchScreen.xib */ = {
			isa = PBXVariantGroup;
			children = (
				2868A8D61AA17B2E00C12E8C /* Base */,
			);
			name = LaunchScreen.xib;
			sourceTree = "<group>";
		};
/* End PBXVariantGroup section */

/* Begin XCBuildConfiguration section */
		2868A8E41AA17B2E00C12E8C /* Debug */ = {
			isa = XCBuildConfiguration;
			buildSettings = {
				ALWAYS_SEARCH_USER_PATHS = NO;
				CLANG_CXX_LANGUAGE_STANDARD = "gnu++0x";
				CLANG_CXX_LIBRARY = "libc++";
				CLANG_ENABLE_MODULES = YES;
				CLANG_ENABLE_OBJC_ARC = YES;
				CLANG_WARN_BOOL_CONVERSION = YES;
				CLANG_WARN_CONSTANT_CONVERSION = YES;
				CLANG_WARN_DIRECT_OBJC_ISA_USAGE = YES_ERROR;
				CLANG_WARN_EMPTY_BODY = YES;
				CLANG_WARN_ENUM_CONVERSION = YES;
				CLANG_WARN_INT_CONVERSION = YES;
				CLANG_WARN_OBJC_ROOT_CLASS = YES_ERROR;
				CLANG_WARN_UNREACHABLE_CODE = YES;
				CLANG_WARN__DUPLICATE_METHOD_MATCH = YES;
				"CODE_SIGN_IDENTITY[sdk=iphoneos*]" = "iPhone Developer";
				COPY_PHASE_STRIP = NO;
				ENABLE_STRICT_OBJC_MSGSEND = YES;
				GCC_C_LANGUAGE_STANDARD = gnu99;
				GCC_DYNAMIC_NO_PIC = NO;
				GCC_OPTIMIZATION_LEVEL = 0;
				GCC_PREPROCESSOR_DEFINITIONS = (
					"DEBUG=1",
					"$(inherited)",
				);
				GCC_SYMBOLS_PRIVATE_EXTERN = NO;
				GCC_WARN_64_TO_32_BIT_CONVERSION = YES;
				GCC_WARN_ABOUT_RETURN_TYPE = YES_ERROR;
				GCC_WARN_UNDECLARED_SELECTOR = YES;
				GCC_WARN_UNINITIALIZED_AUTOS = YES_AGGRESSIVE;
				GCC_WARN_UNUSED_FUNCTION = YES;
				GCC_WARN_UNUSED_VARIABLE = YES;
				IPHONEOS_DEPLOYMENT_TARGET = 8.1;
				MTL_ENABLE_DEBUG_INFO = YES;
				ONLY_ACTIVE_ARCH = YES;
				SDKROOT = iphoneos;
				SWIFT_OPTIMIZATION_LEVEL = "-Onone";
				TARGETED_DEVICE_FAMILY = "1,2";
			};
			name = Debug;
		};
		2868A8E51AA17B2E00C12E8C /* Release */ = {
			isa = XCBuildConfiguration;
			buildSettings = {
				ALWAYS_SEARCH_USER_PATHS = NO;
				CLANG_CXX_LANGUAGE_STANDARD = "gnu++0x";
				CLANG_CXX_LIBRARY = "libc++";
				CLANG_ENABLE_MODULES = YES;
				CLANG_ENABLE_OBJC_ARC = YES;
				CLANG_WARN_BOOL_CONVERSION = YES;
				CLANG_WARN_CONSTANT_CONVERSION = YES;
				CLANG_WARN_DIRECT_OBJC_ISA_USAGE = YES_ERROR;
				CLANG_WARN_EMPTY_BODY = YES;
				CLANG_WARN_ENUM_CONVERSION = YES;
				CLANG_WARN_INT_CONVERSION = YES;
				CLANG_WARN_OBJC_ROOT_CLASS = YES_ERROR;
				CLANG_WARN_UNREACHABLE_CODE = YES;
				CLANG_WARN__DUPLICATE_METHOD_MATCH = YES;
				"CODE_SIGN_IDENTITY[sdk=iphoneos*]" = "iPhone Developer";
				COPY_PHASE_STRIP = YES;
				ENABLE_NS_ASSERTIONS = NO;
				ENABLE_STRICT_OBJC_MSGSEND = YES;
				GCC_C_LANGUAGE_STANDARD = gnu99;
				GCC_WARN_64_TO_32_BIT_CONVERSION = YES;
				GCC_WARN_ABOUT_RETURN_TYPE = YES_ERROR;
				GCC_WARN_UNDECLARED_SELECTOR = YES;
				GCC_WARN_UNINITIALIZED_AUTOS = YES_AGGRESSIVE;
				GCC_WARN_UNUSED_FUNCTION = YES;
				GCC_WARN_UNUSED_VARIABLE = YES;
				IPHONEOS_DEPLOYMENT_TARGET = 8.1;
				MTL_ENABLE_DEBUG_INFO = NO;
				SDKROOT = iphoneos;
				TARGETED_DEVICE_FAMILY = "1,2";
				VALIDATE_PRODUCT = YES;
			};
			name = Release;
		};
		2868A8E71AA17B2E00C12E8C /* Debug */ = {
			isa = XCBuildConfiguration;
			buildSettings = {
				ASSETCATALOG_COMPILER_APPICON_NAME = AppIcon;
				INFOPLIST_FILE = facebookVu/Info.plist;
				LD_RUNPATH_SEARCH_PATHS = "$(inherited) @executable_path/Frameworks";
				PRODUCT_NAME = "$(TARGET_NAME)";
			};
			name = Debug;
		};
		2868A8E81AA17B2E00C12E8C /* Release */ = {
			isa = XCBuildConfiguration;
			buildSettings = {
				ASSETCATALOG_COMPILER_APPICON_NAME = AppIcon;
				INFOPLIST_FILE = facebookVu/Info.plist;
				LD_RUNPATH_SEARCH_PATHS = "$(inherited) @executable_path/Frameworks";
				PRODUCT_NAME = "$(TARGET_NAME)";
			};
			name = Release;
		};
		2868A8EA1AA17B2E00C12E8C /* Debug */ = {
			isa = XCBuildConfiguration;
			buildSettings = {
				BUNDLE_LOADER = "$(TEST_HOST)";
				FRAMEWORK_SEARCH_PATHS = (
					"$(SDKROOT)/Developer/Library/Frameworks",
					"$(inherited)",
				);
				GCC_PREPROCESSOR_DEFINITIONS = (
					"DEBUG=1",
					"$(inherited)",
				);
				INFOPLIST_FILE = facebookVuTests/Info.plist;
				LD_RUNPATH_SEARCH_PATHS = "$(inherited) @executable_path/Frameworks @loader_path/Frameworks";
				PRODUCT_NAME = "$(TARGET_NAME)";
				TEST_HOST = "$(BUILT_PRODUCTS_DIR)/facebookVu.app/facebookVu";
			};
			name = Debug;
		};
		2868A8EB1AA17B2E00C12E8C /* Release */ = {
			isa = XCBuildConfiguration;
			buildSettings = {
				BUNDLE_LOADER = "$(TEST_HOST)";
				FRAMEWORK_SEARCH_PATHS = (
					"$(SDKROOT)/Developer/Library/Frameworks",
					"$(inherited)",
				);
				INFOPLIST_FILE = facebookVuTests/Info.plist;
				LD_RUNPATH_SEARCH_PATHS = "$(inherited) @executable_path/Frameworks @loader_path/Frameworks";
				PRODUCT_NAME = "$(TARGET_NAME)";
				TEST_HOST = "$(BUILT_PRODUCTS_DIR)/facebookVu.app/facebookVu";
			};
			name = Release;
		};
/* End XCBuildConfiguration section */

/* Begin XCConfigurationList section */
		2868A8C21AA17B2E00C12E8C /* Build configuration list for PBXProject "facebookVu" */ = {
			isa = XCConfigurationList;
			buildConfigurations = (
				2868A8E41AA17B2E00C12E8C /* Debug */,
				2868A8E51AA17B2E00C12E8C /* Release */,
			);
			defaultConfigurationIsVisible = 0;
			defaultConfigurationName = Release;
		};
		2868A8E61AA17B2E00C12E8C /* Build configuration list for PBXNativeTarget "facebookVu" */ = {
			isa = XCConfigurationList;
			buildConfigurations = (
				2868A8E71AA17B2E00C12E8C /* Debug */,
				2868A8E81AA17B2E00C12E8C /* Release */,
			);
			defaultConfigurationIsVisible = 0;
		};
		2868A8E91AA17B2E00C12E8C /* Build configuration list for PBXNativeTarget "facebookVuTests" */ = {
			isa = XCConfigurationList;
			buildConfigurations = (
				2868A8EA1AA17B2E00C12E8C /* Debug */,
				2868A8EB1AA17B2E00C12E8C /* Release */,
			);
			defaultConfigurationIsVisible = 0;
		};
/* End XCConfigurationList section */
	};
	rootObject = 2868A8BF1AA17B2E00C12E8C /* Project object */;
}
